
Microsoft Visual Studio Solution File, Format Version 12.00
# Visual Studio Version 17
VisualStudioVersion = 17.5.33516.290
MinimumVisualStudioVersion = 10.0.40219.1
Project("{FAE04EC0-301F-11D3-BF4B-00C04F79EFBC}") = "WpfApp1", "WpfApp1.csproj", "{C273CAC4-CFEE-4EEF-B391-4BF80E8B32C6}"
EndProject
Project("{FAE04EC0-301F-11D3-BF4B-00C04F79EFBC}") = "ClassLibrary1", "..\ClassLibrary1\ClassLibrary1.csproj", "{C12BA250-B7CC-4D7C-B7D6-F652B70451BA}"
EndProject
Global
	GlobalSection(SolutionConfigurationPlatforms) = preSolution
		Debug|Any CPU = Debug|Any CPU
		Release|Any CPU = Release|Any CPU
	EndGlobalSection
	GlobalSection(ProjectConfigurationPlatforms) = postSolution
		{C273CAC4-CFEE-4EEF-B391-4BF80E8B32C6}.Debug|Any CPU.ActiveCfg = Debug|Any CPU
		{C273CAC4-CFEE-4EEF-B391-4BF80E8B32C6}.Debug|Any CPU.Build.0 = Debug|Any CPU
		{C273CAC4-CFEE-4EEF-B391-4BF80E8B32C6}.Release|Any CPU.ActiveCfg = Release|Any CPU
		{C273CAC4-CFEE-4EEF-B391-4BF80E8B32C6}.Release|Any CPU.Build.0 = Release|Any CPU
		{C12BA250-B7CC-4D7C-B7D6-F652B70451BA}.Debug|Any CPU.ActiveCfg = Debug|Any CPU
		{C12BA250-B7CC-4D7C-B7D6-F652B70451BA}.Debug|Any CPU.Build.0 = Debug|Any CPU
		{C12BA250-B7CC-4D7C-B7D6-F652B70451BA}.Release|Any CPU.ActiveCfg = Release|Any CPU
		{C12BA250-B7CC-4D7C-B7D6-F652B70451BA}.Release|Any CPU.Build.0 = Release|Any CPU
	EndGlobalSection
	GlobalSection(SolutionProperties) = preSolution
		HideSolutionNode = FALSE
	EndGlobalSection
	GlobalSection(ExtensibilityGlobals) = postSolution
		SolutionGuid = {269D828E-DBD1-4098-BF6A-D88DD51C61BF}
	EndGlobalSection
EndGlobal
